
Microsoft Visual Studio Solution File, Format Version 12.00
# Visual Studio Version 17
VisualStudioVersion = 17.0.31903.59
MinimumVisualStudioVersion = 10.0.40219.1
Project("{FAE04EC0-301F-11D3-BF4B-00C04F79EFBC}") = "CruddyTest.Core", "CruddyTest.Core\CruddyTest.Core.csproj", "{0BF72F7C-1B24-44B2-9138-0F895D4C556C}"
EndProject
Project("{FAE04EC0-301F-11D3-BF4B-00C04F79EFBC}") = "CruddyTest.Api", "CruddyTest.Api\CruddyTest.Api.csproj", "{9E2AFC11-8DCF-4ACF-8859-7904E5C0CD20}"
EndProject
Global
	GlobalSection(SolutionConfigurationPlatforms) = preSolution
		Debug|Any CPU = Debug|Any CPU
		Debug|x64 = Debug|x64
		Debug|x86 = Debug|x86
		Release|Any CPU = Release|Any CPU
		Release|x64 = Release|x64
		Release|x86 = Release|x86
	EndGlobalSection
	GlobalSection(ProjectConfigurationPlatforms) = postSolution
		{0BF72F7C-1B24-44B2-9138-0F895D4C556C}.Debug|Any CPU.ActiveCfg = Debug|Any CPU
		{0BF72F7C-1B24-44B2-9138-0F895D4C556C}.Debug|Any CPU.Build.0 = Debug|Any CPU
		{0BF72F7C-1B24-44B2-9138-0F895D4C556C}.Debug|x64.ActiveCfg = Debug|Any CPU
		{0BF72F7C-1B24-44B2-9138-0F895D4C556C}.Debug|x64.Build.0 = Debug|Any CPU
		{0BF72F7C-1B24-44B2-9138-0F895D4C556C}.Debug|x86.ActiveCfg = Debug|Any CPU
		{0BF72F7C-1B24-44B2-9138-0F895D4C556C}.Debug|x86.Build.0 = Debug|Any CPU
		{0BF72F7C-1B24-44B2-9138-0F895D4C556C}.Release|Any CPU.ActiveCfg = Release|Any CPU
		{0BF72F7C-1B24-44B2-9138-0F895D4C556C}.Release|Any CPU.Build.0 = Release|Any CPU
		{0BF72F7C-1B24-44B2-9138-0F895D4C556C}.Release|x64.ActiveCfg = Release|Any CPU
		{0BF72F7C-1B24-44B2-9138-0F895D4C556C}.Release|x64.Build.0 = Release|Any CPU
		{0BF72F7C-1B24-44B2-9138-0F895D4C556C}.Release|x86.ActiveCfg = Release|Any CPU
		{0BF72F7C-1B24-44B2-9138-0F895D4C556C}.Release|x86.Build.0 = Release|Any CPU
		{9E2AFC11-8DCF-4ACF-8859-7904E5C0CD20}.Debug|Any CPU.ActiveCfg = Debug|Any CPU
		{9E2AFC11-8DCF-4ACF-8859-7904E5C0CD20}.Debug|Any CPU.Build.0 = Debug|Any CPU
		{9E2AFC11-8DCF-4ACF-8859-7904E5C0CD20}.Debug|x64.ActiveCfg = Debug|Any CPU
		{9E2AFC11-8DCF-4ACF-8859-7904E5C0CD20}.Debug|x64.Build.0 = Debug|Any CPU
		{9E2AFC11-8DCF-4ACF-8859-7904E5C0CD20}.Debug|x86.ActiveCfg = Debug|Any CPU
		{9E2AFC11-8DCF-4ACF-8859-7904E5C0CD20}.Debug|x86.Build.0 = Debug|Any CPU
		{9E2AFC11-8DCF-4ACF-8859-7904E5C0CD20}.Release|Any CPU.ActiveCfg = Release|Any CPU
		{9E2AFC11-8DCF-4ACF-8859-7904E5C0CD20}.Release|Any CPU.Build.0 = Release|Any CPU
		{9E2AFC11-8DCF-4ACF-8859-7904E5C0CD20}.Release|x64.ActiveCfg = Release|Any CPU
		{9E2AFC11-8DCF-4ACF-8859-7904E5C0CD20}.Release|x64.Build.0 = Release|Any CPU
		{9E2AFC11-8DCF-4ACF-8859-7904E5C0CD20}.Release|x86.ActiveCfg = Release|Any CPU
		{9E2AFC11-8DCF-4ACF-8859-7904E5C0CD20}.Release|x86.Build.0 = Release|Any CPU
	EndGlobalSection
	GlobalSection(SolutionProperties) = preSolution
		HideSolutionNode = FALSE
	EndGlobalSection
EndGlobal
